{
  "name": "@tachyon-sdk/cli",
  "version": "0.6.17",
  "lockfileVersion": 3,
  "requires": true,
  "packages": {
    "": {
      "name": "@tachyon-sdk/cli",
      "version": "0.6.17",
      "cpu": [
        "arm64",
        "x64"
      ],
      "hasInstallScript": true,
      "license": "MIT",
      "os": [
        "darwin",
        "linux"
      ],
      "bin": {
        "tachyon": "bin/tachyon.js",
        "tc": "bin/tachyon.js"
      },
      "engines": {
        "node": ">=18"
      }
    }
  }
}
